
Microsoft Visual Studio Solution File, Format Version 12.00
# Visual Studio Version 17
VisualStudioVersion = 17.0.31611.283
MinimumVisualStudioVersion = 10.0.40219.1
Project("{9A19103F-16F7-4668-BE54-9A1E7A4F7556}") = "Proje", "Proje\Proje.csproj", "{8DDA8158-67E3-418E-82C1-36A01DC7F825}"
EndProject
Project("{FAE04EC0-301F-11D3-BF4B-00C04F79EFBC}") = "WebApplication2", "WebApplication2\WebApplication2.csproj", "{04727C2D-1B5B-4275-A83C-FF0C1EAF5275}"
EndProject
Project("{2150E333-8FDC-42A3-9474-1A3956D46DE8}") = "Car", "Car", "{2C981D5C-D26C-463A-984F-EDD06A98D682}"
EndProject
Global
	GlobalSection(SolutionConfigurationPlatforms) = preSolution
		Debug|Any CPU = Debug|Any CPU
		Release|Any CPU = Release|Any CPU
	EndGlobalSection
	GlobalSection(ProjectConfigurationPlatforms) = postSolution
		{8DDA8158-67E3-418E-82C1-36A01DC7F825}.Debug|Any CPU.ActiveCfg = Debug|Any CPU
		{8DDA8158-67E3-418E-82C1-36A01DC7F825}.Debug|Any CPU.Build.0 = Debug|Any CPU
		{8DDA8158-67E3-418E-82C1-36A01DC7F825}.Debug|Any CPU.Deploy.0 = Debug|Any CPU
		{8DDA8158-67E3-418E-82C1-36A01DC7F825}.Release|Any CPU.ActiveCfg = Release|Any CPU
		{8DDA8158-67E3-418E-82C1-36A01DC7F825}.Release|Any CPU.Build.0 = Release|Any CPU
		{8DDA8158-67E3-418E-82C1-36A01DC7F825}.Release|Any CPU.Deploy.0 = Release|Any CPU
		{04727C2D-1B5B-4275-A83C-FF0C1EAF5275}.Debug|Any CPU.ActiveCfg = Debug|Any CPU
		{04727C2D-1B5B-4275-A83C-FF0C1EAF5275}.Debug|Any CPU.Build.0 = Debug|Any CPU
		{04727C2D-1B5B-4275-A83C-FF0C1EAF5275}.Release|Any CPU.ActiveCfg = Release|Any CPU
		{04727C2D-1B5B-4275-A83C-FF0C1EAF5275}.Release|Any CPU.Build.0 = Release|Any CPU
	EndGlobalSection
	GlobalSection(SolutionProperties) = preSolution
		HideSolutionNode = FALSE
	EndGlobalSection
	GlobalSection(NestedProjects) = preSolution
		{8DDA8158-67E3-418E-82C1-36A01DC7F825} = {2C981D5C-D26C-463A-984F-EDD06A98D682}
		{04727C2D-1B5B-4275-A83C-FF0C1EAF5275} = {2C981D5C-D26C-463A-984F-EDD06A98D682}
	EndGlobalSection
	GlobalSection(ExtensibilityGlobals) = postSolution
		SolutionGuid = {61F7FB11-1E47-470C-91E2-47F8143E1572}
	EndGlobalSection
EndGlobal
